// !$*UTF8*$!
{
	archiveVersion = 1;
	classes = {
	};
	objectVersion = 50;
	objects = {

/* Begin PBXBuildFile section */
		F30CEA76229D7351007A7633 /* AppDelegate.swift in Sources */ = {isa = PBXBuildFile; fileRef = F30CEA75229D7351007A7633 /* AppDelegate.swift */; };
		F30CEA78229D7351007A7633 /* ViewController.swift in Sources */ = {isa = PBXBuildFile; fileRef = F30CEA77229D7351007A7633 /* ViewController.swift */; };
		F30CEA7B229D7351007A7633 /* Main.storyboard in Resources */ = {isa = PBXBuildFile; fileRef = F30CEA79229D7351007A7633 /* Main.storyboard */; };
		F30CEA7D229D7352007A7633 /* Assets.xcassets in Resources */ = {isa = PBXBuildFile; fileRef = F30CEA7C229D7352007A7633 /* Assets.xcassets */; };
		F30CEA90229D7691007A7633 /* PrettyCards.framework in Frameworks */ = {isa = PBXBuildFile; fileRef = F30CEA8D229D7653007A7633 /* PrettyCards.framework */; };
		F30CEA91229D7691007A7633 /* PrettyCards.framework in Embed Frameworks */ = {isa = PBXBuildFile; fileRef = F30CEA8D229D7653007A7633 /* PrettyCards.framework */; settings = {ATTRIBUTES = (CodeSignOnCopy, RemoveHeadersOnCopy, ); }; };
		F30CEA98229D7969007A7633 /* LaunchScreen.storyboard in Resources */ = {isa = PBXBuildFile; fileRef = F30CEA97229D7969007A7633 /* LaunchScreen.storyboard */; };
/* End PBXBuildFile section */

/* Begin PBXContainerItemProxy section */
		F30CEA8C229D7653007A7633 /* PBXContainerItemProxy */ = {
			isa = PBXContainerItemProxy;
			containerPortal = F30CEA87229D7652007A7633 /* PrettyCards.xcodeproj */;
			proxyType = 2;
			remoteGlobalIDString = F30E3221229D5E8400A60A11;
			remoteInfo = PrettyCards;
		};
		F30CEA8E229D7653007A7633 /* PBXContainerItemProxy */ = {
			isa = PBXContainerItemProxy;
			containerPortal = F30CEA87229D7652007A7633 /* PrettyCards.xcodeproj */;
			proxyType = 2;
			remoteGlobalIDString = F30E322A229D5E8500A60A11;
			remoteInfo = PrettyCardsTests;
		};
		F30CEA92229D7691007A7633 /* PBXContainerItemProxy */ = {
			isa = PBXContainerItemProxy;
			containerPortal = F30CEA87229D7652007A7633 /* PrettyCards.xcodeproj */;
			proxyType = 1;
			remoteGlobalIDString = F30E3220229D5E8400A60A11;
			remoteInfo = PrettyCards;
		};
/* End PBXContainerItemProxy section */

/* Begin PBXCopyFilesBuildPhase section */
		F30CEA94229D7691007A7633 /* Embed Frameworks */ = {
			isa = PBXCopyFilesBuildPhase;
			buildActionMask = 2147483647;
			dstPath = "";
			dstSubfolderSpec = 10;
			files = (
				F30CEA91229D7691007A7633 /* PrettyCards.framework in Embed Frameworks */,
			);
			name = "Embed Frameworks";
			runOnlyForDeploymentPostprocessing = 0;
		};
/* End PBXCopyFilesBuildPhase section */

/* Begin PBXFileReference section */
		F30CEA72229D7351007A7633 /* PrettyCards-Demo.app */ = {isa = PBXFileReference; explicitFileType = wrapper.application; includeInIndex = 0; path = "PrettyCards-Demo.app"; sourceTree = BUILT_PRODUCTS_DIR; };
		F30CEA75229D7351007A7633 /* AppDelegate.swift */ = {isa = PBXFileReference; lastKnownFileType = sourcecode.swift; path = AppDelegate.swift; sourceTree = "<group>"; };
		F30CEA77229D7351007A7633 /* ViewController.swift */ = {isa = PBXFileReference; lastKnownFileType = sourcecode.swift; path = ViewController.swift; sourceTree = "<group>"; };
		F30CEA7A229D7351007A7633 /* Base */ = {isa = PBXFileReference; lastKnownFileType = file.storyboard; name = Base; path = Base.lproj/Main.storyboard; sourceTree = "<group>"; };
		F30CEA7C229D7352007A7633 /* Assets.xcassets */ = {isa = PBXFileReference; lastKnownFileType = folder.assetcatalog; path = Assets.xcassets; sourceTree = "<group>"; };
		F30CEA81229D7352007A7633 /* Info.plist */ = {isa = PBXFileReference; lastKnownFileType = text.plist.xml; path = Info.plist; sourceTree = "<group>"; };
		F30CEA87229D7652007A7633 /* PrettyCards.xcodeproj */ = {isa = PBXFileReference; lastKnownFileType = "wrapper.pb-project"; name = PrettyCards.xcodeproj; path = ../../PrettyCards.xcodeproj; sourceTree = "<group>"; };
		F30CEA97229D7969007A7633 /* LaunchScreen.storyboard */ = {isa = PBXFileReference; lastKnownFileType = file.storyboard; path = LaunchScreen.storyboard; sourceTree = "<group>"; };
/* End PBXFileReference section */

/* Begin PBXFrameworksBuildPhase section */
		F30CEA6F229D7351007A7633 /* Frameworks */ = {
			isa = PBXFrameworksBuildPhase;
			buildActionMask = 2147483647;
			files = (
				F30CEA90229D7691007A7633 /* PrettyCards.framework in Frameworks */,
			);
			runOnlyForDeploymentPostprocessing = 0;
		};
/* End PBXFrameworksBuildPhase section */

/* Begin PBXGroup section */
		F30CEA69229D7351007A7633 = {
			isa = PBXGroup;
			children = (
				F30CEA74229D7351007A7633 /* PrettyCards-Demo */,
				F30CEA73229D7351007A7633 /* Products */,
			);
			sourceTree = "<group>";
		};
		F30CEA73229D7351007A7633 /* Products */ = {
			isa = PBXGroup;
			children = (
				F30CEA72229D7351007A7633 /* PrettyCards-Demo.app */,
			);
			name = Products;
			sourceTree = "<group>";
		};
		F30CEA74229D7351007A7633 /* PrettyCards-Demo */ = {
			isa = PBXGroup;
			children = (
				F30CEA87229D7652007A7633 /* PrettyCards.xcodeproj */,
				F30CEA75229D7351007A7633 /* AppDelegate.swift */,
				F30CEA77229D7351007A7633 /* ViewController.swift */,
				F30CEA79229D7351007A7633 /* Main.storyboard */,
				F30CEA97229D7969007A7633 /* LaunchScreen.storyboard */,
				F30CEA7C229D7352007A7633 /* Assets.xcassets */,
				F30CEA81229D7352007A7633 /* Info.plist */,
			);
			path = "PrettyCards-Demo";
			sourceTree = "<group>";
		};
		F30CEA88229D7652007A7633 /* Products */ = {
			isa = PBXGroup;
			children = (
				F30CEA8D229D7653007A7633 /* PrettyCards.framework */,
				F30CEA8F229D7653007A7633 /* PrettyCardsTests.xctest */,
			);
			name = Products;
			sourceTree = "<group>";
		};
/* End PBXGroup section */

/* Begin PBXNativeTarget section */
		F30CEA71229D7351007A7633 /* PrettyCards-Demo */ = {
			isa = PBXNativeTarget;
			buildConfigurationList = F30CEA84229D7352007A7633 /* Build configuration list for PBXNativeTarget "PrettyCards-Demo" */;
			buildPhases = (
				F30CEA6E229D7351007A7633 /* Sources */,
				F30CEA6F229D7351007A7633 /* Frameworks */,
				F30CEA70229D7351007A7633 /* Resources */,
				F30CEA94229D7691007A7633 /* Embed Frameworks */,
			);
			buildRules = (
			);
			dependencies = (
				F30CEA93229D7691007A7633 /* PBXTargetDependency */,
			);
			name = "PrettyCards-Demo";
			productName = "PrettyCards-Demo";
			productReference = F30CEA72229D7351007A7633 /* PrettyCards-Demo.app */;
			productType = "com.apple.product-type.application";
		};
/* End PBXNativeTarget section */

/* Begin PBXProject section */
		F30CEA6A229D7351007A7633 /* Project object */ = {
			isa = PBXProject;
			attributes = {
				LastSwiftUpdateCheck = 1020;
				LastUpgradeCheck = 1020;
				ORGANIZATIONNAME = "Ilya Kharlamov";
				TargetAttributes = {
					F30CEA71229D7351007A7633 = {
						CreatedOnToolsVersion = 10.2.1;
					};
				};
			};
			buildConfigurationList = F30CEA6D229D7351007A7633 /* Build configuration list for PBXProject "PrettyCards-Demo" */;
			compatibilityVersion = "Xcode 9.3";
			developmentRegion = en;
			hasScannedForEncodings = 0;
			knownRegions = (
				en,
				Base,
			);
			mainGroup = F30CEA69229D7351007A7633;
			productRefGroup = F30CEA73229D7351007A7633 /* Products */;
			projectDirPath = "";
			projectReferences = (
				{
					ProductGroup = F30CEA88229D7652007A7633 /* Products */;
					ProjectRef = F30CEA87229D7652007A7633 /* PrettyCards.xcodeproj */;
				},
			);
			projectRoot = "";
			targets = (
				F30CEA71229D7351007A7633 /* PrettyCards-Demo */,
			);
		};
/* End PBXProject section */

/* Begin PBXReferenceProxy section */
		F30CEA8D229D7653007A7633 /* PrettyCards.framework */ = {
			isa = PBXReferenceProxy;
			fileType = wrapper.framework;
			path = PrettyCards.framework;
			remoteRef = F30CEA8C229D7653007A7633 /* PBXContainerItemProxy */;
			sourceTree = BUILT_PRODUCTS_DIR;
		};
		F30CEA8F229D7653007A7633 /* PrettyCardsTests.xctest */ = {
			isa = PBXReferenceProxy;
			fileType = wrapper.cfbundle;
			path = PrettyCardsTests.xctest;
			remoteRef = F30CEA8E229D7653007A7633 /* PBXContainerItemProxy */;
			sourceTree = BUILT_PRODUCTS_DIR;
		};
/* End PBXReferenceProxy section */

/* Begin PBXResourcesBuildPhase section */
		F30CEA70229D7351007A7633 /* Resources */ = {
			isa = PBXResourcesBuildPhase;
			buildActionMask = 2147483647;
			files = (
				F30CEA98229D7969007A7633 /* LaunchScreen.storyboard in Resources */,
				F30CEA7D229D7352007A7633 /* Assets.xcassets in Resources */,
				F30CEA7B229D7351007A7633 /* Main.storyboard in Resources */,
			);
			runOnlyForDeploymentPostprocessing = 0;
		};
/* End PBXResourcesBuildPhase section */

/* Begin PBXSourcesBuildPhase section */
		F30CEA6E229D7351007A7633 /* Sources */ = {
			isa = PBXSourcesBuildPhase;
			buildActionMask = 2147483647;
			files = (
				F30CEA78229D7351007A7633 /* ViewController.swift in Sources */,
				F30CEA76229D7351007A7633 /* AppDelegate.swift in Sources */,
			);
			runOnlyForDeploymentPostprocessing = 0;
		};
/* End PBXSourcesBuildPhase section */

/* Begin PBXTargetDependency section */
		F30CEA93229D7691007A7633 /* PBXTargetDependency */ = {
			isa = PBXTargetDependency;
			name = PrettyCards;
			targetProxy = F30CEA92229D7691007A7633 /* PBXContainerItemProxy */;
		};
/* End PBXTargetDependency section */

/* Begin PBXVariantGroup section */
		F30CEA79229D7351007A7633 /* Main.storyboard */ = {
			isa = PBXVariantGroup;
			children = (
				F30CEA7A229D7351007A7633 /* Base */,
			);
			name = Main.storyboard;
			sourceTree = "<group>";
		};
/* End PBXVariantGroup section */

/* Begin XCBuildConfiguration section */
		F30CEA82229D7352007A7633 /* Debug */ = {
			isa = XCBuildConfiguration;
			buildSettings = {
				ALWAYS_SEARCH_USER_PATHS = NO;
				CLANG_ANALYZER_NONNULL = YES;
				CLANG_ANALYZER_NUMBER_OBJECT_CONVERSION = YES_AGGRESSIVE;
				CLANG_CXX_LANGUAGE_STANDARD = "gnu++14";
				CLANG_CXX_LIBRARY = "libc++";
				CLANG_ENABLE_MODULES = YES;
				CLANG_ENABLE_OBJC_ARC = YES;
				CLANG_ENABLE_OBJC_WEAK = YES;
				CLANG_WARN_BLOCK_CAPTURE_AUTORELEASING = YES;
				CLANG_WARN_BOOL_CONVERSION = YES;
				CLANG_WARN_COMMA = YES;
				CLANG_WARN_CONSTANT_CONVERSION = YES;
				CLANG_WARN_DEPRECATED_OBJC_IMPLEMENTATIONS = YES;
				CLANG_WARN_DIRECT_OBJC_ISA_USAGE = YES_ERROR;
				CLANG_WARN_DOCUMENTATION_COMMENTS = YES;
				CLANG_WARN_EMPTY_BODY = YES;
				CLANG_WARN_ENUM_CONVERSION = YES;
				CLANG_WARN_INFINITE_RECURSION = YES;
				CLANG_WARN_INT_CONVERSION = YES;
				CLANG_WARN_NON_LITERAL_NULL_CONVERSION = YES;
				CLANG_WARN_OBJC_IMPLICIT_RETAIN_SELF = YES;
				CLANG_WARN_OBJC_LITERAL_CONVERSION = YES;
				CLANG_WARN_OBJC_ROOT_CLASS = YES_ERROR;
				CLANG_WARN_RANGE_LOOP_ANALYSIS = YES;
				CLANG_WARN_STRICT_PROTOTYPES = YES;
				CLANG_WARN_SUSPICIOUS_MOVE = YES;
				CLANG_WARN_UNGUARDED_AVAILABILITY = YES_AGGRESSIVE;
				CLANG_WARN_UNREACHABLE_CODE = YES;
				CLANG_WARN__DUPLICATE_METHOD_MATCH = YES;
				CODE_SIGN_IDENTITY = "iPhone Developer";
				COPY_PHASE_STRIP = NO;
				DEBUG_INFORMATION_FORMAT = dwarf;
				ENABLE_STRICT_OBJC_MSGSEND = YES;
				ENABLE_TESTABILITY = YES;
				GCC_C_LANGUAGE_STANDARD = gnu11;
				GCC_DYNAMIC_NO_PIC = NO;
				GCC_NO_COMMON_BLOCKS = YES;
				GCC_OPTIMIZATION_LEVEL = 0;
				GCC_PREPROCESSOR_DEFINITIONS = (
					"DEBUG=1",
					"$(inherited)",
				);
				GCC_WARN_64_TO_32_BIT_CONVERSION = YES;
				GCC_WARN_ABOUT_RETURN_TYPE = YES_ERROR;
				GCC_WARN_UNDECLARED_SELECTOR = YES;
				GCC_WARN_UNINITIALIZED_AUTOS = YES_AGGRESSIVE;
				GCC_WARN_UNUSED_FUNCTION = YES;
				GCC_WARN_UNUSED_VARIABLE = YES;
				IPHONEOS_DEPLOYMENT_TARGET = 12.2;
				MTL_ENABLE_DEBUG_INFO = INCLUDE_SOURCE;
				MTL_FAST_MATH = YES;
				ONLY_ACTIVE_ARCH = YES;
				SDKROOT = iphoneos;
				SWIFT_ACTIVE_COMPILATION_CONDITIONS = DEBUG;
				SWIFT_OPTIMIZATION_LEVEL = "-Onone";
			};
			name = Debug;
		};
		F30CEA83229D7352007A7633 /* Release */ = {
			isa = XCBuildConfiguration;
			buildSettings = {
				ALWAYS_SEARCH_USER_PATHS = NO;
				CLANG_ANALYZER_NONNULL = YES;
				CLANG_ANALYZER_NUMBER_OBJECT_CONVERSION = YES_AGGRESSIVE;
				CLANG_CXX_LANGUAGE_STANDARD = "gnu++14";
				CLANG_CXX_LIBRARY = "libc++";
				CLANG_ENABLE_MODULES = YES;
				CLANG_ENABLE_OBJC_ARC = YES;
				CLANG_ENABLE_OBJC_WEAK = YES;
				CLANG_WARN_BLOCK_CAPTURE_AUTORELEASING = YES;
				CLANG_WARN_BOOL_CONVERSION = YES;
				CLANG_WARN_COMMA = YES;
				CLANG_WARN_CONSTANT_CONVERSION = YES;
				CLANG_WARN_DEPRECATED_OBJC_IMPLEMENTATIONS = YES;
				CLANG_WARN_DIRECT_OBJC_ISA_USAGE = YES_ERROR;
				CLANG_WARN_DOCUMENTATION_COMMENTS = YES;
				CLANG_WARN_EMPTY_BODY = YES;
				CLANG_WARN_ENUM_CONVERSION = YES;
				CLANG_WARN_INFINITE_RECURSION = YES;
				CLANG_WARN_INT_CONVERSION = YES;
				CLANG_WARN_NON_LITERAL_NULL_CONVERSION = YES;
				CLANG_WARN_OBJC_IMPLICIT_RETAIN_SELF = YES;
				CLANG_WARN_OBJC_LITERAL_CONVERSION = YES;
				CLANG_WARN_OBJC_ROOT_CLASS = YES_ERROR;
				CLANG_WARN_RANGE_LOOP_ANALYSIS = YES;
				CLANG_WARN_STRICT_PROTOTYPES = YES;
				CLANG_WARN_SUSPICIOUS_MOVE = YES;
				CLANG_WARN_UNGUARDED_AVAILABILITY = YES_AGGRESSIVE;
				CLANG_WARN_UNREACHABLE_CODE = YES;
				CLANG_WARN__DUPLICATE_METHOD_MATCH = YES;
				CODE_SIGN_IDENTITY = "iPhone Developer";
				COPY_PHASE_STRIP = NO;
				DEBUG_INFORMATION_FORMAT = "dwarf-with-dsym";
				ENABLE_NS_ASSERTIONS = NO;
				ENABLE_STRICT_OBJC_MSGSEND = YES;
				GCC_C_LANGUAGE_STANDARD = gnu11;
				GCC_NO_COMMON_BLOCKS = YES;
				GCC_WARN_64_TO_32_BIT_CONVERSION = YES;
				GCC_WARN_ABOUT_RETURN_TYPE = YES_ERROR;
				GCC_WARN_UNDECLARED_SELECTOR = YES;
				GCC_WARN_UNINITIALIZED_AUTOS = YES_AGGRESSIVE;
				GCC_WARN_UNUSED_FUNCTION = YES;
				GCC_WARN_UNUSED_VARIABLE = YES;
				IPHONEOS_DEPLOYMENT_TARGET = 12.2;
				MTL_ENABLE_DEBUG_INFO = NO;
				MTL_FAST_MATH = YES;
				SDKROOT = iphoneos;
				SWIFT_COMPILATION_MODE = wholemodule;
				SWIFT_OPTIMIZATION_LEVEL = "-O";
				VALIDATE_PRODUCT = YES;
			};
			name = Release;
		};
		F30CEA85229D7352007A7633 /* Debug */ = {
			isa = XCBuildConfiguration;
			buildSettings = {
				ALWAYS_EMBED_SWIFT_STANDARD_LIBRARIES = YES;
				CODE_SIGN_STYLE = Automatic;
				DEVELOPMENT_TEAM = H93M692V93;
				INFOPLIST_FILE = "PrettyCards-Demo/Info.plist";
				IPHONEOS_DEPLOYMENT_TARGET = 10.0;
				LD_RUNPATH_SEARCH_PATHS = (
					"$(inherited)",
					"@executable_path/Frameworks",
				);
				PRODUCT_BUNDLE_IDENTIFIER = "com.bluetech.PrettyCards-Demo";
				PRODUCT_NAME = "$(TARGET_NAME)";
				SWIFT_VERSION = 5.0;
				TARGETED_DEVICE_FAMILY = "1,2";
			};
			name = Debug;
		};
		F30CEA86229D7352007A7633 /* Release */ = {
			isa = XCBuildConfiguration;
			buildSettings = {
				ALWAYS_EMBED_SWIFT_STANDARD_LIBRARIES = YES;
				CODE_SIGN_STYLE = Automatic;
				DEVELOPMENT_TEAM = H93M692V93;
				INFOPLIST_FILE = "PrettyCards-Demo/Info.plist";
				IPHONEOS_DEPLOYMENT_TARGET = 10.0;
				LD_RUNPATH_SEARCH_PATHS = (
					"$(inherited)",
					"@executable_path/Frameworks",
				);
				PRODUCT_BUNDLE_IDENTIFIER = "com.bluetech.PrettyCards-Demo";
				PRODUCT_NAME = "$(TARGET_NAME)";
				SWIFT_VERSION = 5.0;
				TARGETED_DEVICE_FAMILY = "1,2";
			};
			name = Release;
		};
/* End XCBuildConfiguration section */

/* Begin XCConfigurationList section */
		F30CEA6D229D7351007A7633 /* Build configuration list for PBXProject "PrettyCards-Demo" */ = {
			isa = XCConfigurationList;
			buildConfigurations = (
				F30CEA82229D7352007A7633 /* Debug */,
				F30CEA83229D7352007A7633 /* Release */,
			);
			defaultConfigurationIsVisible = 0;
			defaultConfigurationName = Release;
		};
		F30CEA84229D7352007A7633 /* Build configuration list for PBXNativeTarget "PrettyCards-Demo" */ = {
			isa = XCConfigurationList;
			buildConfigurations = (
				F30CEA85229D7352007A7633 /* Debug */,
				F30CEA86229D7352007A7633 /* Release */,
			);
			defaultConfigurationIsVisible = 0;
			defaultConfigurationName = Release;
		};
/* End XCConfigurationList section */
	};
	rootObject = F30CEA6A229D7351007A7633 /* Project object */;
}
